
Microsoft Visual Studio Solution File, Format Version 12.00
# Visual Studio 15
VisualStudioVersion = 15.0.26403.0
MinimumVisualStudioVersion = 10.0.40219.1
Project("{FAE04EC0-301F-11D3-BF4B-00C04F79EFBC}") = "Correctness", "Correctness\Correctness.csproj", "{D2B09F4B-A2CB-4CD6-BAC2-5F52CF852E00}"
EndProject
Global
	GlobalSection(SolutionConfigurationPlatforms) = preSolution
		Debug|Any CPU = Debug|Any CPU
		Release|Any CPU = Release|Any CPU
	EndGlobalSection
	GlobalSection(ProjectConfigurationPlatforms) = postSolution
		{D2B09F4B-A2CB-4CD6-BAC2-5F52CF852E00}.Debug|Any CPU.ActiveCfg = Debug|Any CPU
		{D2B09F4B-A2CB-4CD6-BAC2-5F52CF852E00}.Debug|Any CPU.Build.0 = Debug|Any CPU
		{D2B09F4B-A2CB-4CD6-BAC2-5F52CF852E00}.Release|Any CPU.ActiveCfg = Release|Any CPU
		{D2B09F4B-A2CB-4CD6-BAC2-5F52CF852E00}.Release|Any CPU.Build.0 = Release|Any CPU
	EndGlobalSection
	GlobalSection(SolutionProperties) = preSolution
		HideSolutionNode = FALSE
	EndGlobalSection
EndGlobal
